
Microsoft Visual Studio Solution File, Format Version 10.00
# Visual Studio 2008
Project("{FAE04EC0-301F-11D3-BF4B-00C04F79EFBC}") = "Mokolo.Bot", "src\Mokolo.Bot\Mokolo.Bot.csproj", "{17A2CE5B-2B8F-46AB-ACB2-0C756C71C378}"
EndProject
Global
	GlobalSection(SolutionConfigurationPlatforms) = preSolution
		Debug|Any CPU = Debug|Any CPU
		Release|Any CPU = Release|Any CPU
	EndGlobalSection
	GlobalSection(ProjectConfigurationPlatforms) = postSolution
		{17A2CE5B-2B8F-46AB-ACB2-0C756C71C378}.Debug|Any CPU.ActiveCfg = Debug|Any CPU
		{17A2CE5B-2B8F-46AB-ACB2-0C756C71C378}.Debug|Any CPU.Build.0 = Debug|Any CPU
		{17A2CE5B-2B8F-46AB-ACB2-0C756C71C378}.Release|Any CPU.ActiveCfg = Release|Any CPU
		{17A2CE5B-2B8F-46AB-ACB2-0C756C71C378}.Release|Any CPU.Build.0 = Release|Any CPU
	EndGlobalSection
	GlobalSection(SolutionProperties) = preSolution
		HideSolutionNode = FALSE
	EndGlobalSection
EndGlobal
